{
    "_readme": [
        "This file locks the dependencies of your project to a known state",
        "Read more about it at https://getcomposer.org/doc/01-basic-usage.md#installing-dependencies",
        "This file is @generated automatically"
    ],
    "content-hash": "9ac7fd16219c0611e42b4da9abd1c0cd",
    "packages": [
        {
            "name": "webpatser/laravel-uuid",
            "version": "3.0.1",
            "source": {
                "type": "git",
                "url": "https://github.com/webpatser/laravel-uuid.git",
                "reference": "9c9bd4344f4aa78326b34a324d8a208e65c8221f"
            },
            "dist": {
                "type": "zip",
                "url": "https://api.github.com/repos/webpatser/laravel-uuid/zipball/9c9bd4344f4aa78326b34a324d8a208e65c8221f",
                "reference": "9c9bd4344f4aa78326b34a324d8a208e65c8221f",
                "shasum": ""
            },
            "require": {
                "php": "^7.0"
            },
            "require-dev": {
                "fzaninotto/faker": "~1.4",
                "phpunit/phpunit": "~6.0"
            },
            "type": "library",
            "extra": {
                "laravel": {
                    "providers": [
                        "Webpatser\\Uuid\\UuidServiceProvider"
                    ],
                    "aliases": {
                        "Uuid": "Webpatser\\Uuid\\Uuid"
                    }
                }
            },
            "autoload": {
                "psr-0": {
                    "Webpatser\\Uuid": "src/"
                }
            },
            "notification-url": "https://packagist.org/downloads/",
            "license": [
                "MIT"
            ],
            "authors": [
                {
                    "name": "Christoph Kempen",
                    "email": "christoph@downsized.nl"
                }
            ],
            "description": "Class to generate a UUID according to the RFC 4122 standard. Support for version 1, 3, 4 and 5 UUID are built-in.",
            "homepage": "https://github.com/webpatser/uuid",
            "keywords": [
                "UUID RFC4122"
            ],
            "time": "2017-09-03T23:32:05+00:00"
        }
    ],
    "packages-dev": [],
    "aliases": [],
    "minimum-stability": "dev",
    "stability-flags": [],
    "prefer-stable": true,
    "prefer-lowest": false,
    "platform": {
        "php": ">=7.1"
    },
    "platform-dev": []
}
